
Microsoft Visual Studio Solution File, Format Version 12.00
# Visual Studio 15
VisualStudioVersion = 15.0.27703.2000
MinimumVisualStudioVersion = 10.0.40219.1
Project("{FAE04EC0-301F-11D3-BF4B-00C04F79EFBC}") = "ObjectDetectionDemo", "ObjectDetectionDemo\ObjectDetectionDemo.csproj", "{8E15F70B-E120-4D56-B264-BFBF8AD2F74A}"
EndProject
Global
	GlobalSection(SolutionConfigurationPlatforms) = preSolution
		Debug|Any CPU = Debug|Any CPU
		Debug|x64 = Debug|x64
		Release|Any CPU = Release|Any CPU
		Release|x64 = Release|x64
	EndGlobalSection
	GlobalSection(ProjectConfigurationPlatforms) = postSolution
		{8E15F70B-E120-4D56-B264-BFBF8AD2F74A}.Debug|Any CPU.ActiveCfg = Debug|Any CPU
		{8E15F70B-E120-4D56-B264-BFBF8AD2F74A}.Debug|Any CPU.Build.0 = Debug|Any CPU
		{8E15F70B-E120-4D56-B264-BFBF8AD2F74A}.Debug|x64.ActiveCfg = Debug|x64
		{8E15F70B-E120-4D56-B264-BFBF8AD2F74A}.Debug|x64.Build.0 = Debug|x64
		{8E15F70B-E120-4D56-B264-BFBF8AD2F74A}.Release|Any CPU.ActiveCfg = Release|Any CPU
		{8E15F70B-E120-4D56-B264-BFBF8AD2F74A}.Release|Any CPU.Build.0 = Release|Any CPU
		{8E15F70B-E120-4D56-B264-BFBF8AD2F74A}.Release|x64.ActiveCfg = Release|x64
		{8E15F70B-E120-4D56-B264-BFBF8AD2F74A}.Release|x64.Build.0 = Release|x64
	EndGlobalSection
	GlobalSection(SolutionProperties) = preSolution
		HideSolutionNode = FALSE
	EndGlobalSection
	GlobalSection(ExtensibilityGlobals) = postSolution
		SolutionGuid = {55B9EA83-7029-4D33-B78F-BC398DD4717E}
	EndGlobalSection
EndGlobal
